
Microsoft Visual Studio Solution File, Format Version 12.00
# Visual Studio Version 17
VisualStudioVersion = 17.0.31903.59
MinimumVisualStudioVersion = 10.0.40219.1
Project("{2150E333-8FDC-42A3-9474-1A3956D46DE8}") = "src", "src", "{827E0CD3-B72D-47B6-A68D-7590B98EB39B}"
EndProject
Project("{FAE04EC0-301F-11D3-BF4B-00C04F79EFBC}") = "ARTR.Veyra.Core", "src\ARTR.Veyra.Core\ARTR.Veyra.Core.csproj", "{E7040CE5-D645-49C0-8AB8-8194907FFCAB}"
EndProject
Project("{FAE04EC0-301F-11D3-BF4B-00C04F79EFBC}") = "ARTR.Veyra.Infrastructure", "src\ARTR.Veyra.Infrastructure\ARTR.Veyra.Infrastructure.csproj", "{AA83A101-4E89-4224-AA78-963FC7F6FC75}"
EndProject
Project("{FAE04EC0-301F-11D3-BF4B-00C04F79EFBC}") = "ARTR.Veyra.Authentication", "src\ARTR.Veyra.Authentication\ARTR.Veyra.Authentication.csproj", "{C89A8637-032B-43A4-B357-0C5937CD9985}"
EndProject
Project("{FAE04EC0-301F-11D3-BF4B-00C04F79EFBC}") = "ARTR.Veyra.Observability", "src\ARTR.Veyra.Observability\ARTR.Veyra.Observability.csproj", "{45B5B4C9-0BA2-4F12-A1FC-308C2E42228C}"
EndProject
Project("{FAE04EC0-301F-11D3-BF4B-00C04F79EFBC}") = "ARTR.Veyra.Host", "src\ARTR.Veyra.Host\ARTR.Veyra.Host.csproj", "{598E0408-7C2C-472A-9971-DC5A3C9DDFB1}"
EndProject
Project("{2150E333-8FDC-42A3-9474-1A3956D46DE8}") = "samples", "samples", "{5D20AA90-6969-D8BD-9DCD-8634F4692FDA}"
EndProject
Project("{FAE04EC0-301F-11D3-BF4B-00C04F79EFBC}") = "ARTR.Veyra.Sample.UpstreamA", "samples\ARTR.Veyra.Sample.UpstreamA\ARTR.Veyra.Sample.UpstreamA.csproj", "{B40CDD06-0885-4214-8C3D-D6C3A817F2D7}"
EndProject
Project("{FAE04EC0-301F-11D3-BF4B-00C04F79EFBC}") = "ARTR.Veyra.Sample.UpstreamB", "samples\ARTR.Veyra.Sample.UpstreamB\ARTR.Veyra.Sample.UpstreamB.csproj", "{2D62D46C-99BA-427A-B9FB-6C12471F5CF9}"
EndProject
Project("{2150E333-8FDC-42A3-9474-1A3956D46DE8}") = "tests", "tests", "{0AB3BF05-4346-4AA6-1389-037BE0695223}"
EndProject
Project("{FAE04EC0-301F-11D3-BF4B-00C04F79EFBC}") = "ARTR.Veyra.UnitTests", "tests\ARTR.Veyra.UnitTests\ARTR.Veyra.UnitTests.csproj", "{9A9F834B-FCAB-4E3F-BE16-748D4ED0DA2C}"
EndProject
Project("{FAE04EC0-301F-11D3-BF4B-00C04F79EFBC}") = "ARTR.Veyra.IntegrationTests", "tests\ARTR.Veyra.IntegrationTests\ARTR.Veyra.IntegrationTests.csproj", "{62FB422B-147D-4FC9-9062-E04C300ECE9E}"
EndProject
Project("{FAE04EC0-301F-11D3-BF4B-00C04F79EFBC}") = "ARTR.Veyra.FunctionalTests", "tests\ARTR.Veyra.FunctionalTests\ARTR.Veyra.FunctionalTests.csproj", "{AA177C51-042C-439B-908F-ABDD5BE5E451}"
EndProject
Project("{FAE04EC0-301F-11D3-BF4B-00C04F79EFBC}") = "ARTR.Veyra.ArchitectureTests", "tests\ARTR.Veyra.ArchitectureTests\ARTR.Veyra.ArchitectureTests.csproj", "{BC5DACAA-FB5C-4DF5-BAB4-99E2FB6F1518}"
EndProject
Project("{2150E333-8FDC-42A3-9474-1A3956D46DE8}") = "benchmarks", "benchmarks", "{66320409-64EC-F7C5-3DEF-65E7510DAAD1}"
EndProject
Project("{FAE04EC0-301F-11D3-BF4B-00C04F79EFBC}") = "ARTR.Veyra.Benchmarks", "benchmarks\ARTR.Veyra.Benchmarks\ARTR.Veyra.Benchmarks.csproj", "{0B78AEB4-89EC-48CB-A436-D291378C35F0}"
EndProject
Global
	GlobalSection(SolutionConfigurationPlatforms) = preSolution
		Debug|Any CPU = Debug|Any CPU
		Debug|x64 = Debug|x64
		Debug|x86 = Debug|x86
		Release|Any CPU = Release|Any CPU
		Release|x64 = Release|x64
		Release|x86 = Release|x86
	EndGlobalSection
	GlobalSection(ProjectConfigurationPlatforms) = postSolution
		{E7040CE5-D645-49C0-8AB8-8194907FFCAB}.Debug|Any CPU.ActiveCfg = Debug|Any CPU
		{E7040CE5-D645-49C0-8AB8-8194907FFCAB}.Debug|Any CPU.Build.0 = Debug|Any CPU
		{E7040CE5-D645-49C0-8AB8-8194907FFCAB}.Debug|x64.ActiveCfg = Debug|Any CPU
		{E7040CE5-D645-49C0-8AB8-8194907FFCAB}.Debug|x64.Build.0 = Debug|Any CPU
		{E7040CE5-D645-49C0-8AB8-8194907FFCAB}.Debug|x86.ActiveCfg = Debug|Any CPU
		{E7040CE5-D645-49C0-8AB8-8194907FFCAB}.Debug|x86.Build.0 = Debug|Any CPU
		{E7040CE5-D645-49C0-8AB8-8194907FFCAB}.Release|Any CPU.ActiveCfg = Release|Any CPU
		{E7040CE5-D645-49C0-8AB8-8194907FFCAB}.Release|Any CPU.Build.0 = Release|Any CPU
		{E7040CE5-D645-49C0-8AB8-8194907FFCAB}.Release|x64.ActiveCfg = Release|Any CPU
		{E7040CE5-D645-49C0-8AB8-8194907FFCAB}.Release|x64.Build.0 = Release|Any CPU
		{E7040CE5-D645-49C0-8AB8-8194907FFCAB}.Release|x86.ActiveCfg = Release|Any CPU
		{E7040CE5-D645-49C0-8AB8-8194907FFCAB}.Release|x86.Build.0 = Release|Any CPU
		{AA83A101-4E89-4224-AA78-963FC7F6FC75}.Debug|Any CPU.ActiveCfg = Debug|Any CPU
		{AA83A101-4E89-4224-AA78-963FC7F6FC75}.Debug|Any CPU.Build.0 = Debug|Any CPU
		{AA83A101-4E89-4224-AA78-963FC7F6FC75}.Debug|x64.ActiveCfg = Debug|Any CPU
		{AA83A101-4E89-4224-AA78-963FC7F6FC75}.Debug|x64.Build.0 = Debug|Any CPU
		{AA83A101-4E89-4224-AA78-963FC7F6FC75}.Debug|x86.ActiveCfg = Debug|Any CPU
		{AA83A101-4E89-4224-AA78-963FC7F6FC75}.Debug|x86.Build.0 = Debug|Any CPU
		{AA83A101-4E89-4224-AA78-963FC7F6FC75}.Release|Any CPU.ActiveCfg = Release|Any CPU
		{AA83A101-4E89-4224-AA78-963FC7F6FC75}.Release|Any CPU.Build.0 = Release|Any CPU
		{AA83A101-4E89-4224-AA78-963FC7F6FC75}.Release|x64.ActiveCfg = Release|Any CPU
		{AA83A101-4E89-4224-AA78-963FC7F6FC75}.Release|x64.Build.0 = Release|Any CPU
		{AA83A101-4E89-4224-AA78-963FC7F6FC75}.Release|x86.ActiveCfg = Release|Any CPU
		{AA83A101-4E89-4224-AA78-963FC7F6FC75}.Release|x86.Build.0 = Release|Any CPU
		{C89A8637-032B-43A4-B357-0C5937CD9985}.Debug|Any CPU.ActiveCfg = Debug|Any CPU
		{C89A8637-032B-43A4-B357-0C5937CD9985}.Debug|Any CPU.Build.0 = Debug|Any CPU
		{C89A8637-032B-43A4-B357-0C5937CD9985}.Debug|x64.ActiveCfg = Debug|Any CPU
		{C89A8637-032B-43A4-B357-0C5937CD9985}.Debug|x64.Build.0 = Debug|Any CPU
		{C89A8637-032B-43A4-B357-0C5937CD9985}.Debug|x86.ActiveCfg = Debug|Any CPU
		{C89A8637-032B-43A4-B357-0C5937CD9985}.Debug|x86.Build.0 = Debug|Any CPU
		{C89A8637-032B-43A4-B357-0C5937CD9985}.Release|Any CPU.ActiveCfg = Release|Any CPU
		{C89A8637-032B-43A4-B357-0C5937CD9985}.Release|Any CPU.Build.0 = Release|Any CPU
		{C89A8637-032B-43A4-B357-0C5937CD9985}.Release|x64.ActiveCfg = Release|Any CPU
		{C89A8637-032B-43A4-B357-0C5937CD9985}.Release|x64.Build.0 = Release|Any CPU
		{C89A8637-032B-43A4-B357-0C5937CD9985}.Release|x86.ActiveCfg = Release|Any CPU
		{C89A8637-032B-43A4-B357-0C5937CD9985}.Release|x86.Build.0 = Release|Any CPU
		{45B5B4C9-0BA2-4F12-A1FC-308C2E42228C}.Debug|Any CPU.ActiveCfg = Debug|Any CPU
		{45B5B4C9-0BA2-4F12-A1FC-308C2E42228C}.Debug|Any CPU.Build.0 = Debug|Any CPU
		{45B5B4C9-0BA2-4F12-A1FC-308C2E42228C}.Debug|x64.ActiveCfg = Debug|Any CPU
		{45B5B4C9-0BA2-4F12-A1FC-308C2E42228C}.Debug|x64.Build.0 = Debug|Any CPU
		{45B5B4C9-0BA2-4F12-A1FC-308C2E42228C}.Debug|x86.ActiveCfg = Debug|Any CPU
		{45B5B4C9-0BA2-4F12-A1FC-308C2E42228C}.Debug|x86.Build.0 = Debug|Any CPU
		{45B5B4C9-0BA2-4F12-A1FC-308C2E42228C}.Release|Any CPU.ActiveCfg = Release|Any CPU
		{45B5B4C9-0BA2-4F12-A1FC-308C2E42228C}.Release|Any CPU.Build.0 = Release|Any CPU
		{45B5B4C9-0BA2-4F12-A1FC-308C2E42228C}.Release|x64.ActiveCfg = Release|Any CPU
		{45B5B4C9-0BA2-4F12-A1FC-308C2E42228C}.Release|x64.Build.0 = Release|Any CPU
		{45B5B4C9-0BA2-4F12-A1FC-308C2E42228C}.Release|x86.ActiveCfg = Release|Any CPU
		{45B5B4C9-0BA2-4F12-A1FC-308C2E42228C}.Release|x86.Build.0 = Release|Any CPU
		{598E0408-7C2C-472A-9971-DC5A3C9DDFB1}.Debug|Any CPU.ActiveCfg = Debug|Any CPU
		{598E0408-7C2C-472A-9971-DC5A3C9DDFB1}.Debug|Any CPU.Build.0 = Debug|Any CPU
		{598E0408-7C2C-472A-9971-DC5A3C9DDFB1}.Debug|x64.ActiveCfg = Debug|Any CPU
		{598E0408-7C2C-472A-9971-DC5A3C9DDFB1}.Debug|x64.Build.0 = Debug|Any CPU
		{598E0408-7C2C-472A-9971-DC5A3C9DDFB1}.Debug|x86.ActiveCfg = Debug|Any CPU
		{598E0408-7C2C-472A-9971-DC5A3C9DDFB1}.Debug|x86.Build.0 = Debug|Any CPU
		{598E0408-7C2C-472A-9971-DC5A3C9DDFB1}.Release|Any CPU.ActiveCfg = Release|Any CPU
		{598E0408-7C2C-472A-9971-DC5A3C9DDFB1}.Release|Any CPU.Build.0 = Release|Any CPU
		{598E0408-7C2C-472A-9971-DC5A3C9DDFB1}.Release|x64.ActiveCfg = Release|Any CPU
		{598E0408-7C2C-472A-9971-DC5A3C9DDFB1}.Release|x64.Build.0 = Release|Any CPU
		{598E0408-7C2C-472A-9971-DC5A3C9DDFB1}.Release|x86.ActiveCfg = Release|Any CPU
		{598E0408-7C2C-472A-9971-DC5A3C9DDFB1}.Release|x86.Build.0 = Release|Any CPU
		{B40CDD06-0885-4214-8C3D-D6C3A817F2D7}.Debug|Any CPU.ActiveCfg = Debug|Any CPU
		{B40CDD06-0885-4214-8C3D-D6C3A817F2D7}.Debug|Any CPU.Build.0 = Debug|Any CPU
		{B40CDD06-0885-4214-8C3D-D6C3A817F2D7}.Debug|x64.ActiveCfg = Debug|Any CPU
		{B40CDD06-0885-4214-8C3D-D6C3A817F2D7}.Debug|x64.Build.0 = Debug|Any CPU
		{B40CDD06-0885-4214-8C3D-D6C3A817F2D7}.Debug|x86.ActiveCfg = Debug|Any CPU
		{B40CDD06-0885-4214-8C3D-D6C3A817F2D7}.Debug|x86.Build.0 = Debug|Any CPU
		{B40CDD06-0885-4214-8C3D-D6C3A817F2D7}.Release|Any CPU.ActiveCfg = Release|Any CPU
		{B40CDD06-0885-4214-8C3D-D6C3A817F2D7}.Release|Any CPU.Build.0 = Release|Any CPU
		{B40CDD06-0885-4214-8C3D-D6C3A817F2D7}.Release|x64.ActiveCfg = Release|Any CPU
		{B40CDD06-0885-4214-8C3D-D6C3A817F2D7}.Release|x64.Build.0 = Release|Any CPU
		{B40CDD06-0885-4214-8C3D-D6C3A817F2D7}.Release|x86.ActiveCfg = Release|Any CPU
		{B40CDD06-0885-4214-8C3D-D6C3A817F2D7}.Release|x86.Build.0 = Release|Any CPU
		{2D62D46C-99BA-427A-B9FB-6C12471F5CF9}.Debug|Any CPU.ActiveCfg = Debug|Any CPU
		{2D62D46C-99BA-427A-B9FB-6C12471F5CF9}.Debug|Any CPU.Build.0 = Debug|Any CPU
		{2D62D46C-99BA-427A-B9FB-6C12471F5CF9}.Debug|x64.ActiveCfg = Debug|Any CPU
		{2D62D46C-99BA-427A-B9FB-6C12471F5CF9}.Debug|x64.Build.0 = Debug|Any CPU
		{2D62D46C-99BA-427A-B9FB-6C12471F5CF9}.Debug|x86.ActiveCfg = Debug|Any CPU
		{2D62D46C-99BA-427A-B9FB-6C12471F5CF9}.Debug|x86.Build.0 = Debug|Any CPU
		{2D62D46C-99BA-427A-B9FB-6C12471F5CF9}.Release|Any CPU.ActiveCfg = Release|Any CPU
		{2D62D46C-99BA-427A-B9FB-6C12471F5CF9}.Release|Any CPU.Build.0 = Release|Any CPU
		{2D62D46C-99BA-427A-B9FB-6C12471F5CF9}.Release|x64.ActiveCfg = Release|Any CPU
		{2D62D46C-99BA-427A-B9FB-6C12471F5CF9}.Release|x64.Build.0 = Release|Any CPU
		{2D62D46C-99BA-427A-B9FB-6C12471F5CF9}.Release|x86.ActiveCfg = Release|Any CPU
		{2D62D46C-99BA-427A-B9FB-6C12471F5CF9}.Release|x86.Build.0 = Release|Any CPU
		{9A9F834B-FCAB-4E3F-BE16-748D4ED0DA2C}.Debug|Any CPU.ActiveCfg = Debug|Any CPU
		{9A9F834B-FCAB-4E3F-BE16-748D4ED0DA2C}.Debug|Any CPU.Build.0 = Debug|Any CPU
		{9A9F834B-FCAB-4E3F-BE16-748D4ED0DA2C}.Debug|x64.ActiveCfg = Debug|Any CPU
		{9A9F834B-FCAB-4E3F-BE16-748D4ED0DA2C}.Debug|x64.Build.0 = Debug|Any CPU
		{9A9F834B-FCAB-4E3F-BE16-748D4ED0DA2C}.Debug|x86.ActiveCfg = Debug|Any CPU
		{9A9F834B-FCAB-4E3F-BE16-748D4ED0DA2C}.Debug|x86.Build.0 = Debug|Any CPU
		{9A9F834B-FCAB-4E3F-BE16-748D4ED0DA2C}.Release|Any CPU.ActiveCfg = Release|Any CPU
		{9A9F834B-FCAB-4E3F-BE16-748D4ED0DA2C}.Release|Any CPU.Build.0 = Release|Any CPU
		{9A9F834B-FCAB-4E3F-BE16-748D4ED0DA2C}.Release|x64.ActiveCfg = Release|Any CPU
		{9A9F834B-FCAB-4E3F-BE16-748D4ED0DA2C}.Release|x64.Build.0 = Release|Any CPU
		{9A9F834B-FCAB-4E3F-BE16-748D4ED0DA2C}.Release|x86.ActiveCfg = Release|Any CPU
		{9A9F834B-FCAB-4E3F-BE16-748D4ED0DA2C}.Release|x86.Build.0 = Release|Any CPU
		{62FB422B-147D-4FC9-9062-E04C300ECE9E}.Debug|Any CPU.ActiveCfg = Debug|Any CPU
		{62FB422B-147D-4FC9-9062-E04C300ECE9E}.Debug|Any CPU.Build.0 = Debug|Any CPU
		{62FB422B-147D-4FC9-9062-E04C300ECE9E}.Debug|x64.ActiveCfg = Debug|Any CPU
		{62FB422B-147D-4FC9-9062-E04C300ECE9E}.Debug|x64.Build.0 = Debug|Any CPU
		{62FB422B-147D-4FC9-9062-E04C300ECE9E}.Debug|x86.ActiveCfg = Debug|Any CPU
		{62FB422B-147D-4FC9-9062-E04C300ECE9E}.Debug|x86.Build.0 = Debug|Any CPU
		{62FB422B-147D-4FC9-9062-E04C300ECE9E}.Release|Any CPU.ActiveCfg = Release|Any CPU
		{62FB422B-147D-4FC9-9062-E04C300ECE9E}.Release|Any CPU.Build.0 = Release|Any CPU
		{62FB422B-147D-4FC9-9062-E04C300ECE9E}.Release|x64.ActiveCfg = Release|Any CPU
		{62FB422B-147D-4FC9-9062-E04C300ECE9E}.Release|x64.Build.0 = Release|Any CPU
		{62FB422B-147D-4FC9-9062-E04C300ECE9E}.Release|x86.ActiveCfg = Release|Any CPU
		{62FB422B-147D-4FC9-9062-E04C300ECE9E}.Release|x86.Build.0 = Release|Any CPU
		{AA177C51-042C-439B-908F-ABDD5BE5E451}.Debug|Any CPU.ActiveCfg = Debug|Any CPU
		{AA177C51-042C-439B-908F-ABDD5BE5E451}.Debug|Any CPU.Build.0 = Debug|Any CPU
		{AA177C51-042C-439B-908F-ABDD5BE5E451}.Debug|x64.ActiveCfg = Debug|Any CPU
		{AA177C51-042C-439B-908F-ABDD5BE5E451}.Debug|x64.Build.0 = Debug|Any CPU
		{AA177C51-042C-439B-908F-ABDD5BE5E451}.Debug|x86.ActiveCfg = Debug|Any CPU
		{AA177C51-042C-439B-908F-ABDD5BE5E451}.Debug|x86.Build.0 = Debug|Any CPU
		{AA177C51-042C-439B-908F-ABDD5BE5E451}.Release|Any CPU.ActiveCfg = Release|Any CPU
		{AA177C51-042C-439B-908F-ABDD5BE5E451}.Release|Any CPU.Build.0 = Release|Any CPU
		{AA177C51-042C-439B-908F-ABDD5BE5E451}.Release|x64.ActiveCfg = Release|Any CPU
		{AA177C51-042C-439B-908F-ABDD5BE5E451}.Release|x64.Build.0 = Release|Any CPU
		{AA177C51-042C-439B-908F-ABDD5BE5E451}.Release|x86.ActiveCfg = Release|Any CPU
		{AA177C51-042C-439B-908F-ABDD5BE5E451}.Release|x86.Build.0 = Release|Any CPU
		{BC5DACAA-FB5C-4DF5-BAB4-99E2FB6F1518}.Debug|Any CPU.ActiveCfg = Debug|Any CPU
		{BC5DACAA-FB5C-4DF5-BAB4-99E2FB6F1518}.Debug|Any CPU.Build.0 = Debug|Any CPU
		{BC5DACAA-FB5C-4DF5-BAB4-99E2FB6F1518}.Debug|x64.ActiveCfg = Debug|Any CPU
		{BC5DACAA-FB5C-4DF5-BAB4-99E2FB6F1518}.Debug|x64.Build.0 = Debug|Any CPU
		{BC5DACAA-FB5C-4DF5-BAB4-99E2FB6F1518}.Debug|x86.ActiveCfg = Debug|Any CPU
		{BC5DACAA-FB5C-4DF5-BAB4-99E2FB6F1518}.Debug|x86.Build.0 = Debug|Any CPU
		{BC5DACAA-FB5C-4DF5-BAB4-99E2FB6F1518}.Release|Any CPU.ActiveCfg = Release|Any CPU
		{BC5DACAA-FB5C-4DF5-BAB4-99E2FB6F1518}.Release|Any CPU.Build.0 = Release|Any CPU
		{BC5DACAA-FB5C-4DF5-BAB4-99E2FB6F1518}.Release|x64.ActiveCfg = Release|Any CPU
		{BC5DACAA-FB5C-4DF5-BAB4-99E2FB6F1518}.Release|x64.Build.0 = Release|Any CPU
		{BC5DACAA-FB5C-4DF5-BAB4-99E2FB6F1518}.Release|x86.ActiveCfg = Release|Any CPU
		{BC5DACAA-FB5C-4DF5-BAB4-99E2FB6F1518}.Release|x86.Build.0 = Release|Any CPU
		{0B78AEB4-89EC-48CB-A436-D291378C35F0}.Debug|Any CPU.ActiveCfg = Debug|Any CPU
		{0B78AEB4-89EC-48CB-A436-D291378C35F0}.Debug|Any CPU.Build.0 = Debug|Any CPU
		{0B78AEB4-89EC-48CB-A436-D291378C35F0}.Debug|x64.ActiveCfg = Debug|Any CPU
		{0B78AEB4-89EC-48CB-A436-D291378C35F0}.Debug|x64.Build.0 = Debug|Any CPU
		{0B78AEB4-89EC-48CB-A436-D291378C35F0}.Debug|x86.ActiveCfg = Debug|Any CPU
		{0B78AEB4-89EC-48CB-A436-D291378C35F0}.Debug|x86.Build.0 = Debug|Any CPU
		{0B78AEB4-89EC-48CB-A436-D291378C35F0}.Release|Any CPU.ActiveCfg = Release|Any CPU
		{0B78AEB4-89EC-48CB-A436-D291378C35F0}.Release|Any CPU.Build.0 = Release|Any CPU
		{0B78AEB4-89EC-48CB-A436-D291378C35F0}.Release|x64.ActiveCfg = Release|Any CPU
		{0B78AEB4-89EC-48CB-A436-D291378C35F0}.Release|x64.Build.0 = Release|Any CPU
		{0B78AEB4-89EC-48CB-A436-D291378C35F0}.Release|x86.ActiveCfg = Release|Any CPU
		{0B78AEB4-89EC-48CB-A436-D291378C35F0}.Release|x86.Build.0 = Release|Any CPU
	EndGlobalSection
	GlobalSection(SolutionProperties) = preSolution
		HideSolutionNode = FALSE
	EndGlobalSection
	GlobalSection(NestedProjects) = preSolution
		{E7040CE5-D645-49C0-8AB8-8194907FFCAB} = {827E0CD3-B72D-47B6-A68D-7590B98EB39B}
		{AA83A101-4E89-4224-AA78-963FC7F6FC75} = {827E0CD3-B72D-47B6-A68D-7590B98EB39B}
		{C89A8637-032B-43A4-B357-0C5937CD9985} = {827E0CD3-B72D-47B6-A68D-7590B98EB39B}
		{45B5B4C9-0BA2-4F12-A1FC-308C2E42228C} = {827E0CD3-B72D-47B6-A68D-7590B98EB39B}
		{598E0408-7C2C-472A-9971-DC5A3C9DDFB1} = {827E0CD3-B72D-47B6-A68D-7590B98EB39B}
		{B40CDD06-0885-4214-8C3D-D6C3A817F2D7} = {5D20AA90-6969-D8BD-9DCD-8634F4692FDA}
		{2D62D46C-99BA-427A-B9FB-6C12471F5CF9} = {5D20AA90-6969-D8BD-9DCD-8634F4692FDA}
		{9A9F834B-FCAB-4E3F-BE16-748D4ED0DA2C} = {0AB3BF05-4346-4AA6-1389-037BE0695223}
		{62FB422B-147D-4FC9-9062-E04C300ECE9E} = {0AB3BF05-4346-4AA6-1389-037BE0695223}
		{AA177C51-042C-439B-908F-ABDD5BE5E451} = {0AB3BF05-4346-4AA6-1389-037BE0695223}
		{BC5DACAA-FB5C-4DF5-BAB4-99E2FB6F1518} = {0AB3BF05-4346-4AA6-1389-037BE0695223}
		{0B78AEB4-89EC-48CB-A436-D291378C35F0} = {66320409-64EC-F7C5-3DEF-65E7510DAAD1}
	EndGlobalSection
EndGlobal
